
Microsoft Visual Studio Solution File, Format Version 12.00
# Visual Studio Version 17
VisualStudioVersion = 17.0.31919.166
MinimumVisualStudioVersion = 10.0.40219.1
Project("{9A19103F-16F7-4668-BE54-9A1E7A4F7556}") = "ServiceClient.Infrastructure.Models", "ServiceClient.Infrastructure.Models\ServiceClient.Infrastructure.Models.csproj", "{F3810F25-3941-46D5-8E8A-A5D5D3A3F724}"
EndProject
Project("{2150E333-8FDC-42A3-9474-1A3956D46DE8}") = "Solution Items", "Solution Items", "{A8564470-C81E-4D76-A23D-ADBC1C04A752}"
	ProjectSection(SolutionItems) = preProject
		docker-compose.yaml = docker-compose.yaml
	EndProjectSection
EndProject
Project("{9A19103F-16F7-4668-BE54-9A1E7A4F7556}") = "ServiceClient.Infrastructure.Data", "ServiceClient.Infrastructure.Data\ServiceClient.Infrastructure.Data.csproj", "{C3D7D7F7-AFB8-44DB-A261-B785FF734846}"
EndProject
Project("{2150E333-8FDC-42A3-9474-1A3956D46DE8}") = "Infrastructure", "Infrastructure", "{5497DFDE-D794-4A8F-BD93-19AE9FC75701}"
EndProject
Project("{2150E333-8FDC-42A3-9474-1A3956D46DE8}") = "API", "API", "{FA007D0D-D452-43D7-A7F4-16F47D0037F9}"
EndProject
Project("{9A19103F-16F7-4668-BE54-9A1E7A4F7556}") = "ServiceClient.Identity.Api", "ServiceClient.Identity.Api\ServiceClient.Identity.Api.csproj", "{2254434D-3EAC-478A-92A8-2AD1FB38A191}"
EndProject
Project("{FAE04EC0-301F-11D3-BF4B-00C04F79EFBC}") = "ServiceClient.Infrastructure.Services", "ServiceClient.Infrastructure.Services\ServiceClient.Infrastructure.Services.csproj", "{5A317D5C-73FC-4203-A077-C45E8F41FBC9}"
EndProject
Project("{FAE04EC0-301F-11D3-BF4B-00C04F79EFBC}") = "ServiceClient.Infrastructure.Mappings", "ServiceClient.Infrastructure.Mappings\ServiceClient.Infrastructure.Mappings.csproj", "{B9784747-16C9-4E5F-92B8-D2765FA6C4B0}"
EndProject
Project("{FAE04EC0-301F-11D3-BF4B-00C04F79EFBC}") = "ServiceClient.Infrastructure.Validation", "ServiceClient.Infrastructure.Validation\ServiceClient.Infrastructure.Validation.csproj", "{310C910C-12EB-4FAC-8EA2-30552403E507}"
EndProject
Project("{FAE04EC0-301F-11D3-BF4B-00C04F79EFBC}") = "Utils", "Utils\Utils.csproj", "{43278C94-E9E9-4B15-8C56-A5B4E78E166B}"
EndProject
Global
	GlobalSection(SolutionConfigurationPlatforms) = preSolution
		Debug|Any CPU = Debug|Any CPU
		Release|Any CPU = Release|Any CPU
	EndGlobalSection
	GlobalSection(ProjectConfigurationPlatforms) = postSolution
		{F3810F25-3941-46D5-8E8A-A5D5D3A3F724}.Debug|Any CPU.ActiveCfg = Debug|Any CPU
		{F3810F25-3941-46D5-8E8A-A5D5D3A3F724}.Debug|Any CPU.Build.0 = Debug|Any CPU
		{F3810F25-3941-46D5-8E8A-A5D5D3A3F724}.Release|Any CPU.ActiveCfg = Release|Any CPU
		{F3810F25-3941-46D5-8E8A-A5D5D3A3F724}.Release|Any CPU.Build.0 = Release|Any CPU
		{C3D7D7F7-AFB8-44DB-A261-B785FF734846}.Debug|Any CPU.ActiveCfg = Debug|Any CPU
		{C3D7D7F7-AFB8-44DB-A261-B785FF734846}.Debug|Any CPU.Build.0 = Debug|Any CPU
		{C3D7D7F7-AFB8-44DB-A261-B785FF734846}.Release|Any CPU.ActiveCfg = Release|Any CPU
		{C3D7D7F7-AFB8-44DB-A261-B785FF734846}.Release|Any CPU.Build.0 = Release|Any CPU
		{2254434D-3EAC-478A-92A8-2AD1FB38A191}.Debug|Any CPU.ActiveCfg = Debug|Any CPU
		{2254434D-3EAC-478A-92A8-2AD1FB38A191}.Debug|Any CPU.Build.0 = Debug|Any CPU
		{2254434D-3EAC-478A-92A8-2AD1FB38A191}.Release|Any CPU.ActiveCfg = Release|Any CPU
		{2254434D-3EAC-478A-92A8-2AD1FB38A191}.Release|Any CPU.Build.0 = Release|Any CPU
		{5A317D5C-73FC-4203-A077-C45E8F41FBC9}.Debug|Any CPU.ActiveCfg = Debug|Any CPU
		{5A317D5C-73FC-4203-A077-C45E8F41FBC9}.Debug|Any CPU.Build.0 = Debug|Any CPU
		{5A317D5C-73FC-4203-A077-C45E8F41FBC9}.Release|Any CPU.ActiveCfg = Release|Any CPU
		{5A317D5C-73FC-4203-A077-C45E8F41FBC9}.Release|Any CPU.Build.0 = Release|Any CPU
		{B9784747-16C9-4E5F-92B8-D2765FA6C4B0}.Debug|Any CPU.ActiveCfg = Debug|Any CPU
		{B9784747-16C9-4E5F-92B8-D2765FA6C4B0}.Debug|Any CPU.Build.0 = Debug|Any CPU
		{B9784747-16C9-4E5F-92B8-D2765FA6C4B0}.Release|Any CPU.ActiveCfg = Release|Any CPU
		{B9784747-16C9-4E5F-92B8-D2765FA6C4B0}.Release|Any CPU.Build.0 = Release|Any CPU
		{310C910C-12EB-4FAC-8EA2-30552403E507}.Debug|Any CPU.ActiveCfg = Debug|Any CPU
		{310C910C-12EB-4FAC-8EA2-30552403E507}.Debug|Any CPU.Build.0 = Debug|Any CPU
		{310C910C-12EB-4FAC-8EA2-30552403E507}.Release|Any CPU.ActiveCfg = Release|Any CPU
		{310C910C-12EB-4FAC-8EA2-30552403E507}.Release|Any CPU.Build.0 = Release|Any CPU
		{43278C94-E9E9-4B15-8C56-A5B4E78E166B}.Debug|Any CPU.ActiveCfg = Debug|Any CPU
		{43278C94-E9E9-4B15-8C56-A5B4E78E166B}.Debug|Any CPU.Build.0 = Debug|Any CPU
		{43278C94-E9E9-4B15-8C56-A5B4E78E166B}.Release|Any CPU.ActiveCfg = Release|Any CPU
		{43278C94-E9E9-4B15-8C56-A5B4E78E166B}.Release|Any CPU.Build.0 = Release|Any CPU
	EndGlobalSection
	GlobalSection(SolutionProperties) = preSolution
		HideSolutionNode = FALSE
	EndGlobalSection
	GlobalSection(NestedProjects) = preSolution
		{F3810F25-3941-46D5-8E8A-A5D5D3A3F724} = {5497DFDE-D794-4A8F-BD93-19AE9FC75701}
		{C3D7D7F7-AFB8-44DB-A261-B785FF734846} = {5497DFDE-D794-4A8F-BD93-19AE9FC75701}
		{2254434D-3EAC-478A-92A8-2AD1FB38A191} = {FA007D0D-D452-43D7-A7F4-16F47D0037F9}
		{5A317D5C-73FC-4203-A077-C45E8F41FBC9} = {5497DFDE-D794-4A8F-BD93-19AE9FC75701}
		{B9784747-16C9-4E5F-92B8-D2765FA6C4B0} = {5497DFDE-D794-4A8F-BD93-19AE9FC75701}
		{310C910C-12EB-4FAC-8EA2-30552403E507} = {5497DFDE-D794-4A8F-BD93-19AE9FC75701}
		{43278C94-E9E9-4B15-8C56-A5B4E78E166B} = {5497DFDE-D794-4A8F-BD93-19AE9FC75701}
	EndGlobalSection
	GlobalSection(ExtensibilityGlobals) = postSolution
		SolutionGuid = {E8D012D9-C54C-4CDA-9F2E-DE018C88B380}
	EndGlobalSection
EndGlobal
